# This file is automatically @generated by Cargo.
# It is not intended for manual editing.
version = 3

[[package]]
name = "oli_ast"
version = "0.0.1"
dependencies = [
 "oli_diag",
 "oli_lexer",
]

[[package]]
name = "oli_diag"
version = "0.0.1"

[[package]]
name = "oli_lexer"
version = "0.0.1"
dependencies = [
 "oli_diag",
]

[[package]]
name = "oli_parser"
version = "0.0.1"
dependencies = [
 "oli_ast",
 "oli_diag",
 "oli_lexer",
]

[[package]]
name = "oli_sema"
version = "0.0.1"
dependencies = [
 "oli_ast",
 "oli_diag",
 "oli_lexer",
 "oli_parser",
]

[[package]]
name = "olic"
version = "0.0.1"
dependencies = [
 "oli_ast",
 "oli_diag",
 "oli_lexer",
 "oli_parser",
 "oli_sema",
]
